{
  "name": "tailcalltest2",
  "version": "1.0.0",
  "lockfileVersion": 3,
  "requires": true,
  "packages": {
    "": {
      "name": "tailcalltest2",
      "version": "1.0.0",
      "license": "ISC",
      "dependencies": {
        "@tailcallhq/tailcall": "^0.34.1"
      }
    },
    "node_modules/@scarf/scarf": {
      "version": "1.3.0",
      "resolved": "https://registry.npmjs.org/@scarf/scarf/-/scarf-1.3.0.tgz",
      "integrity": "sha512-lHKK8M5CTcpFj2hZDB3wIjb0KAbEOgDmiJGDv1WBRfQgRm/a8/XMEkG/N1iM01xgbUDsPQwi42D+dFo1XPAKew==",
      "hasInstallScript": true
    },
    "node_modules/@tailcallhq/core-darwin-arm64": {
      "version": "0.34.1",
      "resolved": "https://registry.npmjs.org/@tailcallhq/core-darwin-arm64/-/core-darwin-arm64-0.34.1.tgz",
      "integrity": "sha512-fnLBs1NErKX4lgaOiZY10Ae9shvZZgu9SiSARxDxr5cWnw7svJgxepf4FKv2WtfL9qvNB3xxvi0Ze6fow++F8Q==",
      "cpu": [
        "arm64"
      ],
      "optional": true,
      "os": [
        "darwin"
      ],
      "bin": {
        "tailcall": "bin/tailcall"
      }
    },
    "node_modules/@tailcallhq/core-darwin-x64": {
      "version": "0.34.1",
      "resolved": "https://registry.npmjs.org/@tailcallhq/core-darwin-x64/-/core-darwin-x64-0.34.1.tgz",
      "integrity": "sha512-YQnONcymLRRd721QwCOCJADmN4Q6MpgIaBtDp1ImUCUpPP6bApAax1Ci04VPbl55+fX5FV0rUzdMbsfkfv3vww==",
      "cpu": [
        "x64"
      ],
      "optional": true,
      "os": [
        "darwin"
      ],
      "bin": {
        "tailcall": "bin/tailcall"
      }
    },
    "node_modules/@tailcallhq/core-linux-arm64-gnu": {
      "version": "0.34.1",
      "resolved": "https://registry.npmjs.org/@tailcallhq/core-linux-arm64-gnu/-/core-linux-arm64-gnu-0.34.1.tgz",
      "integrity": "sha512-gQR/6wl3z4/13wD65gIsRjQx4y7vw9dPZsWSv/lL6d5uJi+L6TM9OZXBsGqvzuS+pQw2wUKgNHKxUDh0j2rKGA==",
      "cpu": [
        "arm64"
      ],
      "optional": true,
      "os": [
        "linux"
      ],
      "bin": {
        "tailcall": "bin/tailcall"
      }
    },
    "node_modules/@tailcallhq/core-linux-arm64-musl": {
      "version": "0.34.1",
      "resolved": "https://registry.npmjs.org/@tailcallhq/core-linux-arm64-musl/-/core-linux-arm64-musl-0.34.1.tgz",
      "integrity": "sha512-3KvK0BpJfnj0PYkCz4d8jZvv9wkshRcIxxfSIS7XxDXp7qHDNmJ6ayB3bYGOKy3CLiEAfnuTqlMKC3XBmRd7vg==",
      "cpu": [
        "arm64"
      ],
      "optional": true,
      "os": [
        "linux"
      ],
      "bin": {
        "tailcall": "bin/tailcall"
      }
    },
    "node_modules/@tailcallhq/core-linux-ia32-gnu": {
      "version": "0.34.1",
      "resolved": "https://registry.npmjs.org/@tailcallhq/core-linux-ia32-gnu/-/core-linux-ia32-gnu-0.34.1.tgz",
      "integrity": "sha512-7Q6GFLRnIP0smQvYecmf8ys+UxGUX8/Yb6oxdk3zPfaSJqeDDHdaOd0F3eajbzPgMvxR6vGArlEzN8v7Aq7EnA==",
      "cpu": [
        "ia32"
      ],
      "optional": true,
      "os": [
        "linux"
      ],
      "bin": {
        "tailcall": "bin/tailcall"
      }
    },
    "node_modules/@tailcallhq/core-linux-x64-gnu": {
      "version": "0.34.1",
      "resolved": "https://registry.npmjs.org/@tailcallhq/core-linux-x64-gnu/-/core-linux-x64-gnu-0.34.1.tgz",
      "integrity": "sha512-kpY5ZEs/1xKQb4j8MJoc9DifwhW+3+NJNypaHhSzA4KzxtkcqLYfSVfjsSMb+lXfi9ns6RIWfcUSMNmPda6PDw==",
      "cpu": [
        "x64"
      ],
      "optional": true,
      "os": [
        "linux"
      ],
      "bin": {
        "tailcall": "bin/tailcall"
      }
    },
    "node_modules/@tailcallhq/core-linux-x64-musl": {
      "version": "0.34.1",
      "resolved": "https://registry.npmjs.org/@tailcallhq/core-linux-x64-musl/-/core-linux-x64-musl-0.34.1.tgz",
      "integrity": "sha512-/1kSdfo//FJfo9TmcRhDdVGs1wWlM0jm8rT1EoVOcViKrVR+3QypMhsFGQOs4s2YbfYpGdf4vOvmcSq6YBejrg==",
      "cpu": [
        "x64"
      ],
      "optional": true,
      "os": [
        "linux"
      ],
      "bin": {
        "tailcall": "bin/tailcall"
      }
    },
    "node_modules/@tailcallhq/core-win32-arm64-msvc": {
      "version": "0.34.1",
      "resolved": "https://registry.npmjs.org/@tailcallhq/core-win32-arm64-msvc/-/core-win32-arm64-msvc-0.34.1.tgz",
      "integrity": "sha512-+L+Gx0na0c8YsLHx+nkN/wIc2w2guy/YHHWtj87OrjxTNOj+cjJ2Z79Reg97u5UPlWymFihKMwMbrj91nRExtg==",
      "cpu": [
        "arm64"
      ],
      "optional": true,
      "os": [
        "win32"
      ],
      "bin": {
        "tailcall": "bin/tailcall.exe"
      }
    },
    "node_modules/@tailcallhq/core-win32-ia32-gnu": {
      "version": "0.34.1",
      "resolved": "https://registry.npmjs.org/@tailcallhq/core-win32-ia32-gnu/-/core-win32-ia32-gnu-0.34.1.tgz",
      "integrity": "sha512-FgAgOBAfsn/ue0XfeGmioYDcqRy55O6argxsrT5xwwgePnKiC5SQAIZIAJDAVXdTsYT5ZQfKTr1ziGCRcizTyQ==",
      "cpu": [
        "ia32"
      ],
      "optional": true,
      "os": [
        "win32"
      ],
      "bin": {
        "tailcall": "bin/tailcall.exe"
      }
    },
    "node_modules/@tailcallhq/core-win32-x64-gnu": {
      "version": "0.34.1",
      "resolved": "https://registry.npmjs.org/@tailcallhq/core-win32-x64-gnu/-/core-win32-x64-gnu-0.34.1.tgz",
      "integrity": "sha512-pgDIZJ14Jbsw1RLuKHUDHD4QupHVrygTaRWW7ihzxH9leq2w9AQ44eD+rCK8ae8I2075vSVsjmDFWY5eznANsQ==",
      "cpu": [
        "x64"
      ],
      "optional": true,
      "os": [
        "win32"
      ],
      "bin": {
        "tailcall": "bin/tailcall.exe"
      }
    },
    "node_modules/@tailcallhq/core-win32-x64-msvc": {
      "version": "0.34.1",
      "resolved": "https://registry.npmjs.org/@tailcallhq/core-win32-x64-msvc/-/core-win32-x64-msvc-0.34.1.tgz",
      "integrity": "sha512-kQEoABEYNssjy9AZZzre9mv9OL10z0pEpTTLdy5WpA87foYw8wdGbS8jtvOrnQsWTNSVUk2Pu9yShoVvgAH0Ag==",
      "cpu": [
        "x64"
      ],
      "optional": true,
      "os": [
        "win32"
      ],
      "bin": {
        "tailcall": "bin/tailcall.exe"
      }
    },
    "node_modules/@tailcallhq/tailcall": {
      "version": "0.34.1",
      "resolved": "https://registry.npmjs.org/@tailcallhq/tailcall/-/tailcall-0.34.1.tgz",
      "integrity": "sha512-eC2hAFLrHW93g6211vdaXVBk4BfRyeYuXxaIhZ2/aR3E85ZAXYJuW+ZwevmxsTJ0no5soBMuzrUcMqOERO4Gmw==",
      "hasInstallScript": true,
      "dependencies": {
        "@scarf/scarf": "^1.3.0",
        "detect-libc": "^2.0.2"
      },
      "optionalDependencies": {
        "@tailcallhq/core-darwin-arm64": "v0.34.1",
        "@tailcallhq/core-darwin-x64": "v0.34.1",
        "@tailcallhq/core-linux-arm64-gnu": "v0.34.1",
        "@tailcallhq/core-linux-arm64-musl": "v0.34.1",
        "@tailcallhq/core-linux-ia32-gnu": "v0.34.1",
        "@tailcallhq/core-linux-x64-gnu": "v0.34.1",
        "@tailcallhq/core-linux-x64-musl": "v0.34.1",
        "@tailcallhq/core-win32-arm64-msvc": "v0.34.1",
        "@tailcallhq/core-win32-ia32-gnu": "v0.34.1",
        "@tailcallhq/core-win32-x64-gnu": "v0.34.1",
        "@tailcallhq/core-win32-x64-msvc": "v0.34.1"
      }
    },
    "node_modules/detect-libc": {
      "version": "2.0.2",
      "resolved": "https://registry.npmjs.org/detect-libc/-/detect-libc-2.0.2.tgz",
      "integrity": "sha512-UX6sGumvvqSaXgdKGUsgZWqcUyIXZ/vZTrlRT/iobiKhGL0zL4d3osHj3uqllWJK+i+sixDS/3COVEOFbupFyw==",
      "engines": {
        "node": ">=8"
      }
    }
  }
}
